<?xml version="1.0" encoding="utf-8"?>
<Project ToolsVersion="4.0" xmlns="http://schemas.microsoft.com/developer/msbuild/2003">
  <ItemGroup>
    <Filter Include="Source Files">
      <UniqueIdentifier>{4FC737F1-C7A5-4376-A066-2A32D752A2FF}</UniqueIdentifier>
      <Extensions>cpp;c;cc;cxx;def;odl;idl;hpj;bat;asm;asmx</Extensions>
    </Filter>
    <Filter Include="Header Files">
      <UniqueIdentifier>{93995380-89BD-4b04-88EB-625FBE52EBFB}</UniqueIdentifier>
      <Extensions>h;hh;hpp;hxx;hm;inl;inc;ipp;xsd</Extensions>
    </Filter>
    <Filter Include="Resource Files">
      <UniqueIdentifier>{67DA6AB6-F800-4c08-8B7A-83BB121AAD01}</UniqueIdentifier>
      <Extensions>rc;ico;cur;bmp;dlg;rc2;rct;bin;rgs;gif;jpg;jpeg;jpe;resx;tiff;tif;png;wav;mfcribbon-ms</Extensions>
    </Filter>
    <Filter Include="Resource Files\addons">
      <UniqueIdentifier>{95958739-4712-41ce-90a9-2c54bba5ed39}</UniqueIdentifier>
    </Filter>
    <Filter Include="Resource Files\addons\FileBrowser">
      <UniqueIdentifier>{0ee8c215-7c3c-4d5a-a903-8db17f2f1076}</UniqueIdentifier>
    </Filter>
  </ItemGroup>
  <ItemGroup>
    <ClCompile Include="src\GameFrame.cpp">
      <Filter>Source Files</Filter>
    </ClCompile>
    <ClCompile Include="src\main.cpp">
      <Filter>Source Files</Filter>
    </ClCompile>
    <ClCompile Include="src\main.cpp">
      <Filter>Source Files</Filter>
    </ClCompile>
    <ClCompile Include="src\main.cpp">
      <Filter>Source Files</Filter>
    </ClCompile>
    <ClCompile Include="src\GameFrame.cpp">
      <Filter>Source Files</Filter>
    </ClCompile>
    <ClCompile Include="src\main.cpp">
      <Filter>Source Files</Filter>
    </ClCompile>
    <ClCompile Include="src\GameFrame.cpp">
      <Filter>Source Files</Filter>
    </ClCompile>
    <ClCompile Include="src\main.cpp">
      <Filter>Source Files</Filter>
    </ClCompile>
    <ClCompile Include="src\GameFrame.cpp">
      <Filter>Source Files</Filter>
    </ClCompile>
    <ClCompile Include="src\main.cpp">
      <Filter>Source Files</Filter>
    </ClCompile>
    <ClCompile Include="src\GameFrame.cpp">
      <Filter>Source Files</Filter>
    </ClCompile>
    <ClCompile Include="src\main.cpp">
      <Filter>Source Files</Filter>
    </ClCompile>
    <ClCompile Include="src\GameFrame.cpp">
      <Filter>Source Files</Filter>
    </ClCompile>
    <ClCompile Include="src\main.cpp">
      <Filter>Source Files</Filter>
    </ClCompile>
    <ClCompile Include="src\GameFrame.cpp">
      <Filter>Source Files</Filter>
    </ClCompile>
    <ClCompile Include="src\main.cpp">
      <Filter>Source Files</Filter>
    </ClCompile>
    <ClCompile Include="src\EditorViewer.cpp">
      <Filter>Source Files</Filter>
    </ClCompile>
    <ClCompile Include="src\SpProjectManager.cpp">
      <Filter>Source Files</Filter>
    </ClCompile>
    <ClCompile Include="src\addons\FileBrowser\ImGuiFileBrowser.cpp">
      <Filter>Resource Files\addons\FileBrowser</Filter>
    </ClCompile>
    <ClCompile Include="src\SpUIManager.cpp">
      <Filter>Source Files</Filter>
    </ClCompile>
    <ClCompile Include="src\NewSceneFrame.cpp">
      <Filter>Source Files</Filter>
    </ClCompile>
    <ClCompile Include="src\SpUIIcons.cpp">
      <Filter>Source Files</Filter>
    </ClCompile>
    <ClCompile Include="src\NotificationFrame.cpp">
      <Filter>Source Files</Filter>
    </ClCompile>
    <ClCompile Include="src\SpUIFonts.cpp">
      <Filter>Source Files</Filter>
    </ClCompile>
    <ClCompile Include="src\SpUIMenuBarComponent.cpp">
      <Filter>Source Files</Filter>
    </ClCompile>
    <ClCompile Include="src\SpUINotificationManager.cpp">
      <Filter>Source Files</Filter>
    </ClCompile>
    <ClCompile Include="src\ProjectExplorerFrame.cpp">
      <Filter>Source Files</Filter>
    </ClCompile>
    <ClCompile Include="src\SpStatusBarFrame.cpp">
      <Filter>Source Files</Filter>
    </ClCompile>
    <ClCompile Include="src\SpMemoryMapViewerFrame.cpp">
      <Filter>Source Files</Filter>
    </ClCompile>
    <ClCompile Include="src\NewProjectFrame.cpp">
      <Filter>Source Files</Filter>
    </ClCompile>
    <ClCompile Include="src\SpUIColorPicker.cpp">
      <Filter>Source Files</Filter>
    </ClCompile>
    <ClCompile Include="src\SpPropertiesFrame.cpp">
      <Filter>Source Files</Filter>
    </ClCompile>
    <ClCompile Include="src\Application.cpp">
      <Filter>Source Files</Filter>
    </ClCompile>
    <ClCompile Include="src\SpUIViewport.cpp">
      <Filter>Source Files</Filter>
    </ClCompile>
  </ItemGroup>
  <ItemGroup>
    <ClInclude Include="src\GameFrame.h">
      <Filter>Header Files</Filter>
    </ClInclude>
    <ClInclude Include="src\LogFrame.h">
      <Filter>Header Files</Filter>
    </ClInclude>
    <ClInclude Include="src\ProjectExplorerFrame.h">
      <Filter>Header Files</Filter>
    </ClInclude>
    <ClInclude Include="src\SpPropertiesFrame.h">
      <Filter>Header Files</Filter>
    </ClInclude>
    <ClInclude Include="src\SpectrumFronend.h">
      <Filter>Header Files</Filter>
    </ClInclude>
    <ClInclude Include="src\SpFrame.h">
      <Filter>Header Files</Filter>
    </ClInclude>
    <ClInclude Include="src\SpUIManager.h">
      <Filter>Header Files</Filter>
    </ClInclude>
    <ClInclude Include="src\GameFrame.h">
      <Filter>Header Files</Filter>
    </ClInclude>
    <ClInclude Include="src\LogFrame.h">
      <Filter>Header Files</Filter>
    </ClInclude>
    <ClInclude Include="src\ProjectExplorerFrame.h">
      <Filter>Header Files</Filter>
    </ClInclude>
    <ClInclude Include="src\SpectrumFronend.h">
      <Filter>Header Files</Filter>
    </ClInclude>
    <ClInclude Include="src\SpFrame.h">
      <Filter>Header Files</Filter>
    </ClInclude>
    <ClInclude Include="src\SpUIManager.h">
      <Filter>Header Files</Filter>
    </ClInclude>
    <ClInclude Include="src\GameFrame.h">
      <Filter>Header Files</Filter>
    </ClInclude>
    <ClInclude Include="src\LogFrame.h">
      <Filter>Header Files</Filter>
    </ClInclude>
    <ClInclude Include="src\ProjectExplorerFrame.h">
      <Filter>Header Files</Filter>
    </ClInclude>
    <ClInclude Include="src\SpectrumFronend.h">
      <Filter>Header Files</Filter>
    </ClInclude>
    <ClInclude Include="src\SpFrame.h">
      <Filter>Header Files</Filter>
    </ClInclude>
    <ClInclude Include="src\SpUIManager.h">
      <Filter>Header Files</Filter>
    </ClInclude>
    <ClInclude Include="src\Application.h">
      <Filter>Header Files</Filter>
    </ClInclude>
    <ClInclude Include="src\EditorViewer.h">
      <Filter>Header Files</Filter>
    </ClInclude>
    <ClInclude Include="src\GameFrame.h">
      <Filter>Header Files</Filter>
    </ClInclude>
    <ClInclude Include="src\LogFrame.h">
      <Filter>Header Files</Filter>
    </ClInclude>
    <ClInclude Include="src\ProjectExplorerFrame.h">
      <Filter>Header Files</Filter>
    </ClInclude>
    <ClInclude Include="src\SpectrumFronend.h">
      <Filter>Header Files</Filter>
    </ClInclude>
    <ClInclude Include="src\SpFrame.h">
      <Filter>Header Files</Filter>
    </ClInclude>
    <ClInclude Include="src\SpUIManager.h">
      <Filter>Header Files</Filter>
    </ClInclude>
    <ClInclude Include="src\Application.h">
      <Filter>Header Files</Filter>
    </ClInclude>
    <ClInclude Include="src\EditorViewer.h">
      <Filter>Header Files</Filter>
    </ClInclude>
    <ClInclude Include="src\GameFrame.h">
      <Filter>Header Files</Filter>
    </ClInclude>
    <ClInclude Include="src\LogFrame.h">
      <Filter>Header Files</Filter>
    </ClInclude>
    <ClInclude Include="src\ProjectExplorerFrame.h">
      <Filter>Header Files</Filter>
    </ClInclude>
    <ClInclude Include="src\SpectrumFronend.h">
      <Filter>Header Files</Filter>
    </ClInclude>
    <ClInclude Include="src\SpFrame.h">
      <Filter>Header Files</Filter>
    </ClInclude>
    <ClInclude Include="src\SpUIManager.h">
      <Filter>Header Files</Filter>
    </ClInclude>
    <ClInclude Include="src\Application.h">
      <Filter>Header Files</Filter>
    </ClInclude>
    <ClInclude Include="src\EditorViewer.h">
      <Filter>Header Files</Filter>
    </ClInclude>
    <ClInclude Include="src\GameFrame.h">
      <Filter>Header Files</Filter>
    </ClInclude>
    <ClInclude Include="src\LogFrame.h">
      <Filter>Header Files</Filter>
    </ClInclude>
    <ClInclude Include="src\ProjectExplorerFrame.h">
      <Filter>Header Files</Filter>
    </ClInclude>
    <ClInclude Include="src\SpectrumFronend.h">
      <Filter>Header Files</Filter>
    </ClInclude>
    <ClInclude Include="src\SpFrame.h">
      <Filter>Header Files</Filter>
    </ClInclude>
    <ClInclude Include="src\SpUIManager.h">
      <Filter>Header Files</Filter>
    </ClInclude>
    <ClInclude Include="src\Application.h">
      <Filter>Header Files</Filter>
    </ClInclude>
    <ClInclude Include="src\EditorViewer.h">
      <Filter>Header Files</Filter>
    </ClInclude>
    <ClInclude Include="src\GameFrame.h">
      <Filter>Header Files</Filter>
    </ClInclude>
    <ClInclude Include="src\LogFrame.h">
      <Filter>Header Files</Filter>
    </ClInclude>
    <ClInclude Include="src\ProjectExplorerFrame.h">
      <Filter>Header Files</Filter>
    </ClInclude>
    <ClInclude Include="src\PropertiesFrame.h">
      <Filter>Header Files</Filter>
    </ClInclude>
    <ClInclude Include="src\SpectrumFronend.h">
      <Filter>Header Files</Filter>
    </ClInclude>
    <ClInclude Include="src\SpFrame.h">
      <Filter>Header Files</Filter>
    </ClInclude>
    <ClInclude Include="src\SpUIManager.h">
      <Filter>Header Files</Filter>
    </ClInclude>
    <ClInclude Include="src\WorldObjectList.h">
      <Filter>Header Files</Filter>
    </ClInclude>
    <ClInclude Include="src\Application.h">
      <Filter>Header Files</Filter>
    </ClInclude>
    <ClInclude Include="src\EditorViewer.h">
      <Filter>Header Files</Filter>
    </ClInclude>
    <ClInclude Include="src\GameFrame.h">
      <Filter>Header Files</Filter>
    </ClInclude>
    <ClInclude Include="src\LogFrame.h">
      <Filter>Header Files</Filter>
    </ClInclude>
    <ClInclude Include="src\ProjectExplorerFrame.h">
      <Filter>Header Files</Filter>
    </ClInclude>
    <ClInclude Include="src\PropertiesFrame.h">
      <Filter>Header Files</Filter>
    </ClInclude>
    <ClInclude Include="src\SpectrumFronend.h">
      <Filter>Header Files</Filter>
    </ClInclude>
    <ClInclude Include="src\SpFrame.h">
      <Filter>Header Files</Filter>
    </ClInclude>
    <ClInclude Include="src\SpToolbarFrame.h">
      <Filter>Header Files</Filter>
    </ClInclude>
    <ClInclude Include="src\SpUIManager.h">
      <Filter>Header Files</Filter>
    </ClInclude>
    <ClInclude Include="src\WorldObjectList.h">
      <Filter>Header Files</Filter>
    </ClInclude>
    <ClInclude Include="src\SpFrame.h">
      <Filter>Header Files</Filter>
    </ClInclude>
    <ClInclude Include="src\SpUIManager.h">
      <Filter>Header Files</Filter>
    </ClInclude>
    <ClInclude Include="src\AboutFrame.h">
      <Filter>Header Files</Filter>
    </ClInclude>
    <ClInclude Include="src\GameFrame.h">
      <Filter>Header Files</Filter>
    </ClInclude>
    <ClInclude Include="src\LogFrame.h">
      <Filter>Header Files</Filter>
    </ClInclude>
    <ClInclude Include="src\ProjectExplorerFrame.h">
      <Filter>Header Files</Filter>
    </ClInclude>
    <ClInclude Include="src\PropertiesFrame.h">
      <Filter>Header Files</Filter>
    </ClInclude>
    <ClInclude Include="src\SpectrumFronend.h">
      <Filter>Header Files</Filter>
    </ClInclude>
    <ClInclude Include="src\EditorViewer.h">
      <Filter>Header Files</Filter>
    </ClInclude>
    <ClInclude Include="src\Application.h">
      <Filter>Header Files</Filter>
    </ClInclude>
    <ClInclude Include="src\WorldObjectList.h">
      <Filter>Header Files</Filter>
    </ClInclude>
    <ClInclude Include="src\SpToolbarFrame.h">
      <Filter>Header Files</Filter>
    </ClInclude>
    <ClInclude Include="src\SpGameSettings.h">
      <Filter>Header Files</Filter>
    </ClInclude>
    <ClInclude Include="src\SpStatusBarFrame.h">
      <Filter>Header Files</Filter>
    </ClInclude>
    <ClInclude Include="src\SpLogEngineProvider.h">
      <Filter>Header Files</Filter>
    </ClInclude>
    <ClInclude Include="src\NewProjectFrame.h">
      <Filter>Header Files</Filter>
    </ClInclude>
    <ClInclude Include="src\SpProject.h">
      <Filter>Header Files</Filter>
    </ClInclude>
    <ClInclude Include="src\SpProjectManager.h">
      <Filter>Header Files</Filter>
    </ClInclude>
    <ClInclude Include="src\addons\FileBrowser\ImGuiFileBrowser.h">
      <Filter>Resource Files\addons\FileBrowser</Filter>
    </ClInclude>
    <ClInclude Include="src\NewSceneFrame.h">
      <Filter>Header Files</Filter>
    </ClInclude>
    <ClInclude Include="src\NotificationFrame.h">
      <Filter>Header Files</Filter>
    </ClInclude>
    <ClInclude Include="src\SpUIIcons.h">
      <Filter>Header Files</Filter>
    </ClInclude>
    <ClInclude Include="src\SpUITextComponent.h">
      <Filter>Header Files</Filter>
    </ClInclude>
    <ClInclude Include="src\SpUIFonts.h">
      <Filter>Header Files</Filter>
    </ClInclude>
    <ClInclude Include="src\SpUIImageButton.h">
      <Filter>Header Files</Filter>
    </ClInclude>
    <ClInclude Include="src\SpUIMenuBarComponent.h">
      <Filter>Header Files</Filter>
    </ClInclude>
    <ClInclude Include="src\SpUINotificationManager.h">
      <Filter>Header Files</Filter>
    </ClInclude>
    <ClInclude Include="src\SpIFrameComponent.h">
      <Filter>Header Files</Filter>
    </ClInclude>
    <ClInclude Include="src\SpMemoryMapViewerFrame.h">
      <Filter>Header Files</Filter>
    </ClInclude>
    <ClInclude Include="src\SpCloseButtonUIWindowBehaviour.h">
      <Filter>Header Files</Filter>
    </ClInclude>
    <ClInclude Include="src\SpImGui.h">
      <Filter>Header Files</Filter>
    </ClInclude>
    <ClInclude Include="src\SpAlertFrame.h">
      <Filter>Header Files</Filter>
    </ClInclude>
    <ClInclude Include="src\SpUIViewport.h">
      <Filter>Header Files</Filter>
    </ClInclude>
    <ClInclude Include="src\SpUIColorPicker.h">
      <Filter>Header Files</Filter>
    </ClInclude>
    <ClInclude Include="src\SpPropertiesFrameComponentCamera.h">
      <Filter>Header Files</Filter>
    </ClInclude>
    <ClInclude Include="src\SpPropertiesFrameComponent.h">
      <Filter>Header Files</Filter>
    </ClInclude>
    <ClInclude Include="src\SpPropertiesFrameComponentGameObject.h">
      <Filter>Header Files</Filter>
    </ClInclude>
    <ClInclude Include="src\SpUIGameObjectManipulator.h">
      <Filter>Header Files</Filter>
    </ClInclude>
  </ItemGroup>
  <ItemGroup>
    <Text Include="CMakeLists.txt" />
  </ItemGroup>
</Project>